
Microsoft Visual Studio Solution File, Format Version 12.00
# Visual Studio 2013
VisualStudioVersion = 12.0.21005.1
MinimumVisualStudioVersion = 10.0.40219.1
Project("{FAE04EC0-301F-11D3-BF4B-00C04F79EFBC}") = "WindowsFormsApplication2", "WindowsFormsApplication2\WindowsFormsApplication2.csproj", "{2F0382CF-809A-462F-BAC7-C18E835BDC83}"
	ProjectSection(ProjectDependencies) = postProject
		{D3906FA1-7333-41E8-AB50-860A2FE0A557} = {D3906FA1-7333-41E8-AB50-860A2FE0A557}
	EndProjectSection
EndProject
Project("{E24C65DC-7377-472B-9ABA-BC803B73C61A}") = "http://localhost:543", "http://localhost:543", "{72225044-432D-414E-B5B5-37C8EBD16596}"
	ProjectSection(WebsiteProperties) = preProject
		UseIISExpress = "false"
		TargetFrameworkMoniker = ".NETFramework,Version%3Dv3.5"
		Debug.AspNetCompiler.VirtualPath = "/localhost_543"
		Debug.AspNetCompiler.PhysicalPath = "..\..\..\..\..\..\inetpub\wwwroot\Datos\"
		Debug.AspNetCompiler.TargetPath = "PrecompiledWeb\localhost_543\"
		Debug.AspNetCompiler.Updateable = "true"
		Debug.AspNetCompiler.ForceOverwrite = "true"
		Debug.AspNetCompiler.FixedNames = "false"
		Debug.AspNetCompiler.Debug = "True"
		Release.AspNetCompiler.VirtualPath = "/localhost_543"
		Release.AspNetCompiler.PhysicalPath = "..\..\..\..\..\..\inetpub\wwwroot\Datos\"
		Release.AspNetCompiler.TargetPath = "PrecompiledWeb\localhost_543\"
		Release.AspNetCompiler.Updateable = "true"
		Release.AspNetCompiler.ForceOverwrite = "true"
		Release.AspNetCompiler.FixedNames = "false"
		Release.AspNetCompiler.Debug = "False"
		SlnRelativePath = "..\..\..\..\..\..\inetpub\wwwroot\Datos\"
		DefaultWebSiteLanguage = "Visual C#"
	EndProjectSection
EndProject
Project("{E24C65DC-7377-472B-9ABA-BC803B73C61A}") = "http://localhost:432", "http://localhost:432", "{D3906FA1-7333-41E8-AB50-860A2FE0A557}"
	ProjectSection(WebsiteProperties) = preProject
		UseIISExpress = "false"
		TargetFrameworkMoniker = ".NETFramework,Version%3Dv3.5"
		Debug.AspNetCompiler.VirtualPath = "/localhost_432"
		Debug.AspNetCompiler.PhysicalPath = "..\..\..\..\..\..\inetpub\wwwroot\Logica\"
		Debug.AspNetCompiler.TargetPath = "PrecompiledWeb\localhost_432\"
		Debug.AspNetCompiler.Updateable = "true"
		Debug.AspNetCompiler.ForceOverwrite = "true"
		Debug.AspNetCompiler.FixedNames = "false"
		Debug.AspNetCompiler.Debug = "True"
		Release.AspNetCompiler.VirtualPath = "/localhost_432"
		Release.AspNetCompiler.PhysicalPath = "..\..\..\..\..\..\inetpub\wwwroot\Logica\"
		Release.AspNetCompiler.TargetPath = "PrecompiledWeb\localhost_432\"
		Release.AspNetCompiler.Updateable = "true"
		Release.AspNetCompiler.ForceOverwrite = "true"
		Release.AspNetCompiler.FixedNames = "false"
		Release.AspNetCompiler.Debug = "False"
		SlnRelativePath = "..\..\..\..\..\..\inetpub\wwwroot\Logica\"
		DefaultWebSiteLanguage = "Visual C#"
	EndProjectSection
EndProject
Global
	GlobalSection(SolutionConfigurationPlatforms) = preSolution
		Debug|Any CPU = Debug|Any CPU
		Release|Any CPU = Release|Any CPU
	EndGlobalSection
	GlobalSection(ProjectConfigurationPlatforms) = postSolution
		{2F0382CF-809A-462F-BAC7-C18E835BDC83}.Debug|Any CPU.ActiveCfg = Debug|Any CPU
		{2F0382CF-809A-462F-BAC7-C18E835BDC83}.Debug|Any CPU.Build.0 = Debug|Any CPU
		{2F0382CF-809A-462F-BAC7-C18E835BDC83}.Release|Any CPU.ActiveCfg = Release|Any CPU
		{2F0382CF-809A-462F-BAC7-C18E835BDC83}.Release|Any CPU.Build.0 = Release|Any CPU
		{72225044-432D-414E-B5B5-37C8EBD16596}.Debug|Any CPU.ActiveCfg = Debug|Any CPU
		{72225044-432D-414E-B5B5-37C8EBD16596}.Debug|Any CPU.Build.0 = Debug|Any CPU
		{72225044-432D-414E-B5B5-37C8EBD16596}.Release|Any CPU.ActiveCfg = Debug|Any CPU
		{72225044-432D-414E-B5B5-37C8EBD16596}.Release|Any CPU.Build.0 = Debug|Any CPU
		{D3906FA1-7333-41E8-AB50-860A2FE0A557}.Debug|Any CPU.ActiveCfg = Debug|Any CPU
		{D3906FA1-7333-41E8-AB50-860A2FE0A557}.Debug|Any CPU.Build.0 = Debug|Any CPU
		{D3906FA1-7333-41E8-AB50-860A2FE0A557}.Release|Any CPU.ActiveCfg = Debug|Any CPU
		{D3906FA1-7333-41E8-AB50-860A2FE0A557}.Release|Any CPU.Build.0 = Debug|Any CPU
	EndGlobalSection
	GlobalSection(SolutionProperties) = preSolution
		HideSolutionNode = FALSE
	EndGlobalSection
EndGlobal
